ARCHS = arm64
CODE_SIGN_IDENTITY = -
CODE_SIGN_STYLE = Automatic
DEVELOPMENT_TEAM =
EXECUTABLE_NAME = ZoomHelperAI
INFOPLIST_FILE = ZoomHelperAI/Info.plist
MACOSX_DEPLOYMENT_TARGET = 13.0
PRODUCT_BUNDLE_IDENTIFIER = com.moneyplanadviser.ZoomHelperAI
PRODUCT_NAME = ZoomHelperAI
SDKROOT = macosx
SWIFT_VERSION = 5.9
TARGETED_DEVICE_FAMILY = 1,2
